// !$*UTF8*$!
{
	archiveVersion = 1;
	classes = {};
	objectVersion = 56;
	objects = {

/* Begin PBXBuildFile section */
		A00000000000000000000001 = {isa = PBXBuildFile; fileRef = B00000000000000000000001; };
/* End PBXBuildFile section */

/* Begin PBXFileReference section */
		B00000000000000000000001 = {isa = PBXFileReference; lastKnownFileType = sourcecode.swift; path = ShortcutActionsUITests.swift; sourceTree = "<group>"; };
		B00000000000000000000002 = {isa = PBXFileReference; explicitFileType = wrapper.cfbundle; includeInIndex = 0; path = ShortcutDriverUITests.xctest; sourceTree = BUILT_PRODUCTS_DIR; };
/* End PBXFileReference section */

/* Begin PBXFrameworksBuildPhase section */
		E00000000000000000000002 = {isa = PBXFrameworksBuildPhase; buildActionMask = 2147483647; files = (); runOnlyForDeploymentPostprocessing = 0; };
/* End PBXFrameworksBuildPhase section */

/* Begin PBXGroup section */
		F00000000000000000000002 = {isa = PBXGroup; children = (F00000000000000000000003, F00000000000000000000004, ); sourceTree = "<group>"; };
		F00000000000000000000003 = {isa = PBXGroup; children = (B00000000000000000000001, ); path = ShortcutDriverUITests; sourceTree = "<group>"; };
		F00000000000000000000004 = {isa = PBXGroup; children = (B00000000000000000000002, ); name = Products; sourceTree = "<group>"; };
/* End PBXGroup section */

/* Begin PBXNativeTarget section */
		D00000000000000000000001 = {isa = PBXNativeTarget; buildConfigurationList = F00000000000000000000006; buildPhases = (E00000000000000000000001, E00000000000000000000002, ); buildRules = (); dependencies = (); name = ShortcutDriverUITests; productName = ShortcutDriverUITests; productReference = B00000000000000000000002; productType = "com.apple.product-type.bundle.ui-testing"; };
/* End PBXNativeTarget section */

/* Begin PBXProject section */
		F00000000000000000000001 = {isa = PBXProject; attributes = {BuildIndependentTargetsInParallel = YES; LastUpgradeCheck = 2700; TargetAttributes = {D00000000000000000000001 = {CreatedOnToolsVersion = 27.0; }; }; }; buildConfigurationList = F00000000000000000000005; compatibilityVersion = "Xcode 14.0"; developmentRegion = en; hasScannedForEncodings = 0; knownRegions = (en, Base, ); mainGroup = F00000000000000000000002; productRefGroup = F00000000000000000000004; projectDirPath = ""; projectRoot = ""; targets = (D00000000000000000000001, ); };
/* End PBXProject section */

/* Begin PBXSourcesBuildPhase section */
		E00000000000000000000001 = {isa = PBXSourcesBuildPhase; buildActionMask = 2147483647; files = (A00000000000000000000001, ); runOnlyForDeploymentPostprocessing = 0; };
/* End PBXSourcesBuildPhase section */

/* Begin XCBuildConfiguration section */
		F00000000000000000000010 = {isa = XCBuildConfiguration; buildSettings = {ALWAYS_SEARCH_USER_PATHS = NO; CLANG_ENABLE_MODULES = YES; IPHONEOS_DEPLOYMENT_TARGET = 17.0; SDKROOT = iphoneos; SWIFT_VERSION = 5.0; }; name = Release; };
		F00000000000000000000011 = {isa = XCBuildConfiguration; buildSettings = {CODE_SIGNING_ALLOWED = NO; GENERATE_INFOPLIST_FILE = YES; IPHONEOS_DEPLOYMENT_TARGET = 17.0; PRODUCT_BUNDLE_IDENTIFIER = dev.islandstack.driver.uitests; PRODUCT_NAME = ShortcutDriverUITests; SDKROOT = iphoneos; SUPPORTED_PLATFORMS = "iphoneos iphonesimulator"; SWIFT_VERSION = 5.0; TARGETED_DEVICE_FAMILY = 1; }; name = Release; };
/* End XCBuildConfiguration section */

/* Begin XCConfigurationList section */
		F00000000000000000000005 = {isa = XCConfigurationList; buildConfigurations = (F00000000000000000000010, ); defaultConfigurationIsVisible = 0; defaultConfigurationName = Release; };
		F00000000000000000000006 = {isa = XCConfigurationList; buildConfigurations = (F00000000000000000000011, ); defaultConfigurationIsVisible = 0; defaultConfigurationName = Release; };
/* End XCConfigurationList section */
	};
	rootObject = F00000000000000000000001;
}
